
Microsoft Visual Studio Solution File, Format Version 12.00
# Visual Studio Version 17
VisualStudioVersion = 17.3.32929.385
MinimumVisualStudioVersion = 10.0.40219.1
Project("{FAE04EC0-301F-11D3-BF4B-00C04F79EFBC}") = "InterviewTest", "InterviewTest.csproj", "{2DE002C1-4F80-4E6A-A296-F9DA8FAB62A9}"
EndProject
Global
	GlobalSection(SolutionConfigurationPlatforms) = preSolution
		Debug|Any CPU = Debug|Any CPU
		Release|Any CPU = Release|Any CPU
	EndGlobalSection
	GlobalSection(ProjectConfigurationPlatforms) = postSolution
		{2DE002C1-4F80-4E6A-A296-F9DA8FAB62A9}.Debug|Any CPU.ActiveCfg = Debug|Any CPU
		{2DE002C1-4F80-4E6A-A296-F9DA8FAB62A9}.Debug|Any CPU.Build.0 = Debug|Any CPU
		{2DE002C1-4F80-4E6A-A296-F9DA8FAB62A9}.Release|Any CPU.ActiveCfg = Release|Any CPU
		{2DE002C1-4F80-4E6A-A296-F9DA8FAB62A9}.Release|Any CPU.Build.0 = Release|Any CPU
	EndGlobalSection
	GlobalSection(SolutionProperties) = preSolution
		HideSolutionNode = FALSE
	EndGlobalSection
	GlobalSection(ExtensibilityGlobals) = postSolution
		SolutionGuid = {3DB127B2-2688-4248-801B-1676F33C9443}
	EndGlobalSection
EndGlobal
